// !$*UTF8*$!
{
	archiveVersion = 1;
	classes = {
	};
	objectVersion = 55;
	objects = {

/* Begin PBXBuildFile section */
		A50B0523282D691D00C00137 /* TabCenterIcon.swift in Sources */ = {isa = PBXBuildFile; fileRef = A50B0522282D691D00C00137 /* TabCenterIcon.swift */; };
		A53A1D81282B4450004CDDEE /* TabbarSwiftUIApp.swift in Sources */ = {isa = PBXBuildFile; fileRef = A53A1D80282B4450004CDDEE /* TabbarSwiftUIApp.swift */; };
		A53A1D83282B4450004CDDEE /* ContentView.swift in Sources */ = {isa = PBXBuildFile; fileRef = A53A1D82282B4450004CDDEE /* ContentView.swift */; };
		A53A1D88282B4452004CDDEE /* Preview Assets.xcassets in Resources */ = {isa = PBXBuildFile; fileRef = A53A1D87282B4452004CDDEE /* Preview Assets.xcassets */; };
		A53A1D91282B44A2004CDDEE /* AssetsSUI.xcassets in Resources */ = {isa = PBXBuildFile; fileRef = A53A1D8F282B44A1004CDDEE /* AssetsSUI.xcassets */; };
		A53A1D92282B44A2004CDDEE /* menu.json in Resources */ = {isa = PBXBuildFile; fileRef = A53A1D90282B44A2004CDDEE /* menu.json */; };
		A53A1D97282B45A4004CDDEE /* Order.swift in Sources */ = {isa = PBXBuildFile; fileRef = A53A1D95282B45A4004CDDEE /* Order.swift */; };
		A53A1D98282B45A4004CDDEE /* Menu.swift in Sources */ = {isa = PBXBuildFile; fileRef = A53A1D96282B45A4004CDDEE /* Menu.swift */; };
		A5C3CDD3282B46FD00652F1C /* Helper.swift in Sources */ = {isa = PBXBuildFile; fileRef = A5C3CDD2282B46FD00652F1C /* Helper.swift */; };
		A5C3CDDA282B47EA00652F1C /* ItemRow.swift in Sources */ = {isa = PBXBuildFile; fileRef = A5C3CDD5282B47EA00652F1C /* ItemRow.swift */; };
		A5C3CDDB282B47EA00652F1C /* ItemDetail.swift in Sources */ = {isa = PBXBuildFile; fileRef = A5C3CDD6282B47EA00652F1C /* ItemDetail.swift */; };
		A5C3CDDC282B47EA00652F1C /* MenuView.swift in Sources */ = {isa = PBXBuildFile; fileRef = A5C3CDD7282B47EA00652F1C /* MenuView.swift */; };
		A5C3CDDD282B47EA00652F1C /* OrderView.swift in Sources */ = {isa = PBXBuildFile; fileRef = A5C3CDD9282B47EA00652F1C /* OrderView.swift */; };
		A5F46780282B5EDB00B92279 /* TabBarIcon.swift in Sources */ = {isa = PBXBuildFile; fileRef = A5F4677F282B5EDB00B92279 /* TabBarIcon.swift */; };
		A5F46782282B5F3700B92279 /* ViewRouter.swift in Sources */ = {isa = PBXBuildFile; fileRef = A5F46781282B5F3700B92279 /* ViewRouter.swift */; };
/* End PBXBuildFile section */

/* Begin PBXFileReference section */
		A50B0522282D691D00C00137 /* TabCenterIcon.swift */ = {isa = PBXFileReference; lastKnownFileType = sourcecode.swift; path = TabCenterIcon.swift; sourceTree = "<group>"; };
		A53A1D7D282B4450004CDDEE /* TabbarSwiftUI.app */ = {isa = PBXFileReference; explicitFileType = wrapper.application; includeInIndex = 0; path = TabbarSwiftUI.app; sourceTree = BUILT_PRODUCTS_DIR; };
		A53A1D80282B4450004CDDEE /* TabbarSwiftUIApp.swift */ = {isa = PBXFileReference; lastKnownFileType = sourcecode.swift; path = TabbarSwiftUIApp.swift; sourceTree = "<group>"; };
		A53A1D82282B4450004CDDEE /* ContentView.swift */ = {isa = PBXFileReference; lastKnownFileType = sourcecode.swift; path = ContentView.swift; sourceTree = "<group>"; };
		A53A1D87282B4452004CDDEE /* Preview Assets.xcassets */ = {isa = PBXFileReference; lastKnownFileType = folder.assetcatalog; path = "Preview Assets.xcassets"; sourceTree = "<group>"; };
		A53A1D8F282B44A1004CDDEE /* AssetsSUI.xcassets */ = {isa = PBXFileReference; lastKnownFileType = folder.assetcatalog; path = AssetsSUI.xcassets; sourceTree = "<group>"; };
		A53A1D90282B44A2004CDDEE /* menu.json */ = {isa = PBXFileReference; fileEncoding = 4; lastKnownFileType = text.json; path = menu.json; sourceTree = "<group>"; };
		A53A1D95282B45A4004CDDEE /* Order.swift */ = {isa = PBXFileReference; fileEncoding = 4; lastKnownFileType = sourcecode.swift; path = Order.swift; sourceTree = "<group>"; };
		A53A1D96282B45A4004CDDEE /* Menu.swift */ = {isa = PBXFileReference; fileEncoding = 4; lastKnownFileType = sourcecode.swift; path = Menu.swift; sourceTree = "<group>"; };
		A5C3CDD2282B46FD00652F1C /* Helper.swift */ = {isa = PBXFileReference; fileEncoding = 4; lastKnownFileType = sourcecode.swift; path = Helper.swift; sourceTree = "<group>"; };
		A5C3CDD5282B47EA00652F1C /* ItemRow.swift */ = {isa = PBXFileReference; fileEncoding = 4; lastKnownFileType = sourcecode.swift; path = ItemRow.swift; sourceTree = "<group>"; };
		A5C3CDD6282B47EA00652F1C /* ItemDetail.swift */ = {isa = PBXFileReference; fileEncoding = 4; lastKnownFileType = sourcecode.swift; path = ItemDetail.swift; sourceTree = "<group>"; };
		A5C3CDD7282B47EA00652F1C /* MenuView.swift */ = {isa = PBXFileReference; fileEncoding = 4; lastKnownFileType = sourcecode.swift; path = MenuView.swift; sourceTree = "<group>"; };
		A5C3CDD9282B47EA00652F1C /* OrderView.swift */ = {isa = PBXFileReference; fileEncoding = 4; lastKnownFileType = sourcecode.swift; path = OrderView.swift; sourceTree = "<group>"; };
		A5F4677F282B5EDB00B92279 /* TabBarIcon.swift */ = {isa = PBXFileReference; lastKnownFileType = sourcecode.swift; path = TabBarIcon.swift; sourceTree = "<group>"; };
		A5F46781282B5F3700B92279 /* ViewRouter.swift */ = {isa = PBXFileReference; lastKnownFileType = sourcecode.swift; path = ViewRouter.swift; sourceTree = "<group>"; };
/* End PBXFileReference section */

/* Begin PBXFrameworksBuildPhase section */
		A53A1D7A282B4450004CDDEE /* Frameworks */ = {
			isa = PBXFrameworksBuildPhase;
			buildActionMask = 2147483647;
			files = (
			);
			runOnlyForDeploymentPostprocessing = 0;
		};
/* End PBXFrameworksBuildPhase section */

/* Begin PBXGroup section */
		A53A1D74282B4450004CDDEE = {
			isa = PBXGroup;
			children = (
				A53A1D7F282B4450004CDDEE /* TabbarSwiftUI */,
				A53A1D7E282B4450004CDDEE /* Products */,
			);
			sourceTree = "<group>";
		};
		A53A1D7E282B4450004CDDEE /* Products */ = {
			isa = PBXGroup;
			children = (
				A53A1D7D282B4450004CDDEE /* TabbarSwiftUI.app */,
			);
			name = Products;
			sourceTree = "<group>";
		};
		A53A1D7F282B4450004CDDEE /* TabbarSwiftUI */ = {
			isa = PBXGroup;
			children = (
				A5C3CDD1282B46E400652F1C /* helpers */,
				A53A1D94282B457A004CDDEE /* views */,
				A53A1D93282B4572004CDDEE /* models */,
				A53A1D8E282B448E004CDDEE /* resources */,
				A53A1D80282B4450004CDDEE /* TabbarSwiftUIApp.swift */,
				A53A1D82282B4450004CDDEE /* ContentView.swift */,
				A53A1D86282B4452004CDDEE /* Preview Content */,
			);
			path = TabbarSwiftUI;
			sourceTree = "<group>";
		};
		A53A1D86282B4452004CDDEE /* Preview Content */ = {
			isa = PBXGroup;
			children = (
				A53A1D87282B4452004CDDEE /* Preview Assets.xcassets */,
			);
			path = "Preview Content";
			sourceTree = "<group>";
		};
		A53A1D8E282B448E004CDDEE /* resources */ = {
			isa = PBXGroup;
			children = (
				A53A1D8F282B44A1004CDDEE /* AssetsSUI.xcassets */,
				A53A1D90282B44A2004CDDEE /* menu.json */,
			);
			path = resources;
			sourceTree = "<group>";
		};
		A53A1D93282B4572004CDDEE /* models */ = {
			isa = PBXGroup;
			children = (
				A53A1D96282B45A4004CDDEE /* Menu.swift */,
				A53A1D95282B45A4004CDDEE /* Order.swift */,
			);
			path = models;
			sourceTree = "<group>";
		};
		A53A1D94282B457A004CDDEE /* views */ = {
			isa = PBXGroup;
			children = (
				A5C3CDDE282B511600652F1C /* shared */,
				A5C3CDD4282B47EA00652F1C /* menu */,
				A5C3CDD8282B47EA00652F1C /* order */,
			);
			path = views;
			sourceTree = "<group>";
		};
		A5C3CDD1282B46E400652F1C /* helpers */ = {
			isa = PBXGroup;
			children = (
				A5C3CDD2282B46FD00652F1C /* Helper.swift */,
			);
			path = helpers;
			sourceTree = "<group>";
		};
		A5C3CDD4282B47EA00652F1C /* menu */ = {
			isa = PBXGroup;
			children = (
				A5C3CDD5282B47EA00652F1C /* ItemRow.swift */,
				A5C3CDD6282B47EA00652F1C /* ItemDetail.swift */,
				A5C3CDD7282B47EA00652F1C /* MenuView.swift */,
			);
			path = menu;
			sourceTree = "<group>";
		};
		A5C3CDD8282B47EA00652F1C /* order */ = {
			isa = PBXGroup;
			children = (
				A5C3CDD9282B47EA00652F1C /* OrderView.swift */,
			);
			path = order;
			sourceTree = "<group>";
		};
		A5C3CDDE282B511600652F1C /* shared */ = {
			isa = PBXGroup;
			children = (
				A5F4677F282B5EDB00B92279 /* TabBarIcon.swift */,
				A5F46781282B5F3700B92279 /* ViewRouter.swift */,
				A50B0522282D691D00C00137 /* TabCenterIcon.swift */,
			);
			path = shared;
			sourceTree = "<group>";
		};
/* End PBXGroup section */

/* Begin PBXNativeTarget section */
		A53A1D7C282B4450004CDDEE /* TabbarSwiftUI */ = {
			isa = PBXNativeTarget;
			buildConfigurationList = A53A1D8B282B4452004CDDEE /* Build configuration list for PBXNativeTarget "TabbarSwiftUI" */;
			buildPhases = (
				A53A1D79282B4450004CDDEE /* Sources */,
				A53A1D7A282B4450004CDDEE /* Frameworks */,
				A53A1D7B282B4450004CDDEE /* Resources */,
			);
			buildRules = (
			);
			dependencies = (
			);
			name = TabbarSwiftUI;
			productName = TabbarSwiftUI;
			productReference = A53A1D7D282B4450004CDDEE /* TabbarSwiftUI.app */;
			productType = "com.apple.product-type.application";
		};
/* End PBXNativeTarget section */

/* Begin PBXProject section */
		A53A1D75282B4450004CDDEE /* Project object */ = {
			isa = PBXProject;
			attributes = {
				BuildIndependentTargetsInParallel = 1;
				LastSwiftUpdateCheck = 1320;
				LastUpgradeCheck = 1320;
				TargetAttributes = {
					A53A1D7C282B4450004CDDEE = {
						CreatedOnToolsVersion = 13.2.1;
					};
				};
			};
			buildConfigurationList = A53A1D78282B4450004CDDEE /* Build configuration list for PBXProject "TabbarSwiftUI" */;
			compatibilityVersion = "Xcode 13.0";
			developmentRegion = en;
			hasScannedForEncodings = 0;
			knownRegions = (
				en,
				Base,
			);
			mainGroup = A53A1D74282B4450004CDDEE;
			productRefGroup = A53A1D7E282B4450004CDDEE /* Products */;
			projectDirPath = "";
			projectRoot = "";
			targets = (
				A53A1D7C282B4450004CDDEE /* TabbarSwiftUI */,
			);
		};
/* End PBXProject section */

/* Begin PBXResourcesBuildPhase section */
		A53A1D7B282B4450004CDDEE /* Resources */ = {
			isa = PBXResourcesBuildPhase;
			buildActionMask = 2147483647;
			files = (
				A53A1D88282B4452004CDDEE /* Preview Assets.xcassets in Resources */,
				A53A1D92282B44A2004CDDEE /* menu.json in Resources */,
				A53A1D91282B44A2004CDDEE /* AssetsSUI.xcassets in Resources */,
			);
			runOnlyForDeploymentPostprocessing = 0;
		};
/* End PBXResourcesBuildPhase section */

/* Begin PBXSourcesBuildPhase section */
		A53A1D79282B4450004CDDEE /* Sources */ = {
			isa = PBXSourcesBuildPhase;
			buildActionMask = 2147483647;
			files = (
				A5C3CDDB282B47EA00652F1C /* ItemDetail.swift in Sources */,
				A5C3CDDC282B47EA00652F1C /* MenuView.swift in Sources */,
				A53A1D97282B45A4004CDDEE /* Order.swift in Sources */,
				A53A1D83282B4450004CDDEE /* ContentView.swift in Sources */,
				A5C3CDD3282B46FD00652F1C /* Helper.swift in Sources */,
				A5C3CDDA282B47EA00652F1C /* ItemRow.swift in Sources */,
				A5F46780282B5EDB00B92279 /* TabBarIcon.swift in Sources */,
				A5F46782282B5F3700B92279 /* ViewRouter.swift in Sources */,
				A5C3CDDD282B47EA00652F1C /* OrderView.swift in Sources */,
				A53A1D98282B45A4004CDDEE /* Menu.swift in Sources */,
				A53A1D81282B4450004CDDEE /* TabbarSwiftUIApp.swift in Sources */,
				A50B0523282D691D00C00137 /* TabCenterIcon.swift in Sources */,
			);
			runOnlyForDeploymentPostprocessing = 0;
		};
/* End PBXSourcesBuildPhase section */

/* Begin XCBuildConfiguration section */
		A53A1D89282B4452004CDDEE /* Debug */ = {
			isa = XCBuildConfiguration;
			buildSettings = {
				ALWAYS_SEARCH_USER_PATHS = NO;
				CLANG_ANALYZER_NONNULL = YES;
				CLANG_ANALYZER_NUMBER_OBJECT_CONVERSION = YES_AGGRESSIVE;
				CLANG_CXX_LANGUAGE_STANDARD = "gnu++17";
				CLANG_CXX_LIBRARY = "libc++";
				CLANG_ENABLE_MODULES = YES;
				CLANG_ENABLE_OBJC_ARC = YES;
				CLANG_ENABLE_OBJC_WEAK = YES;
				CLANG_WARN_BLOCK_CAPTURE_AUTORELEASING = YES;
				CLANG_WARN_BOOL_CONVERSION = YES;
				CLANG_WARN_COMMA = YES;
				CLANG_WARN_CONSTANT_CONVERSION = YES;
				CLANG_WARN_DEPRECATED_OBJC_IMPLEMENTATIONS = YES;
				CLANG_WARN_DIRECT_OBJC_ISA_USAGE = YES_ERROR;
				CLANG_WARN_DOCUMENTATION_COMMENTS = YES;
				CLANG_WARN_EMPTY_BODY = YES;
				CLANG_WARN_ENUM_CONVERSION = YES;
				CLANG_WARN_INFINITE_RECURSION = YES;
				CLANG_WARN_INT_CONVERSION = YES;
				CLANG_WARN_NON_LITERAL_NULL_CONVERSION = YES;
				CLANG_WARN_OBJC_IMPLICIT_RETAIN_SELF = YES;
				CLANG_WARN_OBJC_LITERAL_CONVERSION = YES;
				CLANG_WARN_OBJC_ROOT_CLASS = YES_ERROR;
				CLANG_WARN_QUOTED_INCLUDE_IN_FRAMEWORK_HEADER = YES;
				CLANG_WARN_RANGE_LOOP_ANALYSIS = YES;
				CLANG_WARN_STRICT_PROTOTYPES = YES;
				CLANG_WARN_SUSPICIOUS_MOVE = YES;
				CLANG_WARN_UNGUARDED_AVAILABILITY = YES_AGGRESSIVE;
				CLANG_WARN_UNREACHABLE_CODE = YES;
				CLANG_WARN__DUPLICATE_METHOD_MATCH = YES;
				COPY_PHASE_STRIP = NO;
				DEBUG_INFORMATION_FORMAT = dwarf;
				ENABLE_STRICT_OBJC_MSGSEND = YES;
				ENABLE_TESTABILITY = YES;
				GCC_C_LANGUAGE_STANDARD = gnu11;
				GCC_DYNAMIC_NO_PIC = NO;
				GCC_NO_COMMON_BLOCKS = YES;
				GCC_OPTIMIZATION_LEVEL = 0;
				GCC_PREPROCESSOR_DEFINITIONS = (
					"DEBUG=1",
					"$(inherited)",
				);
				GCC_WARN_64_TO_32_BIT_CONVERSION = YES;
				GCC_WARN_ABOUT_RETURN_TYPE = YES_ERROR;
				GCC_WARN_UNDECLARED_SELECTOR = YES;
				GCC_WARN_UNINITIALIZED_AUTOS = YES_AGGRESSIVE;
				GCC_WARN_UNUSED_FUNCTION = YES;
				GCC_WARN_UNUSED_VARIABLE = YES;
				IPHONEOS_DEPLOYMENT_TARGET = 14.0;
				MTL_ENABLE_DEBUG_INFO = INCLUDE_SOURCE;
				MTL_FAST_MATH = YES;
				ONLY_ACTIVE_ARCH = YES;
				SDKROOT = iphoneos;
				SWIFT_ACTIVE_COMPILATION_CONDITIONS = DEBUG;
				SWIFT_OPTIMIZATION_LEVEL = "-Onone";
			};
			name = Debug;
		};
		A53A1D8A282B4452004CDDEE /* Release */ = {
			isa = XCBuildConfiguration;
			buildSettings = {
				ALWAYS_SEARCH_USER_PATHS = NO;
				CLANG_ANALYZER_NONNULL = YES;
				CLANG_ANALYZER_NUMBER_OBJECT_CONVERSION = YES_AGGRESSIVE;
				CLANG_CXX_LANGUAGE_STANDARD = "gnu++17";
				CLANG_CXX_LIBRARY = "libc++";
				CLANG_ENABLE_MODULES = YES;
				CLANG_ENABLE_OBJC_ARC = YES;
				CLANG_ENABLE_OBJC_WEAK = YES;
				CLANG_WARN_BLOCK_CAPTURE_AUTORELEASING = YES;
				CLANG_WARN_BOOL_CONVERSION = YES;
				CLANG_WARN_COMMA = YES;
				CLANG_WARN_CONSTANT_CONVERSION = YES;
				CLANG_WARN_DEPRECATED_OBJC_IMPLEMENTATIONS = YES;
				CLANG_WARN_DIRECT_OBJC_ISA_USAGE = YES_ERROR;
				CLANG_WARN_DOCUMENTATION_COMMENTS = YES;
				CLANG_WARN_EMPTY_BODY = YES;
				CLANG_WARN_ENUM_CONVERSION = YES;
				CLANG_WARN_INFINITE_RECURSION = YES;
				CLANG_WARN_INT_CONVERSION = YES;
				CLANG_WARN_NON_LITERAL_NULL_CONVERSION = YES;
				CLANG_WARN_OBJC_IMPLICIT_RETAIN_SELF = YES;
				CLANG_WARN_OBJC_LITERAL_CONVERSION = YES;
				CLANG_WARN_OBJC_ROOT_CLASS = YES_ERROR;
				CLANG_WARN_QUOTED_INCLUDE_IN_FRAMEWORK_HEADER = YES;
				CLANG_WARN_RANGE_LOOP_ANALYSIS = YES;
				CLANG_WARN_STRICT_PROTOTYPES = YES;
				CLANG_WARN_SUSPICIOUS_MOVE = YES;
				CLANG_WARN_UNGUARDED_AVAILABILITY = YES_AGGRESSIVE;
				CLANG_WARN_UNREACHABLE_CODE = YES;
				CLANG_WARN__DUPLICATE_METHOD_MATCH = YES;
				COPY_PHASE_STRIP = NO;
				DEBUG_INFORMATION_FORMAT = "dwarf-with-dsym";
				ENABLE_NS_ASSERTIONS = NO;
				ENABLE_STRICT_OBJC_MSGSEND = YES;
				GCC_C_LANGUAGE_STANDARD = gnu11;
				GCC_NO_COMMON_BLOCKS = YES;
				GCC_WARN_64_TO_32_BIT_CONVERSION = YES;
				GCC_WARN_ABOUT_RETURN_TYPE = YES_ERROR;
				GCC_WARN_UNDECLARED_SELECTOR = YES;
				GCC_WARN_UNINITIALIZED_AUTOS = YES_AGGRESSIVE;
				GCC_WARN_UNUSED_FUNCTION = YES;
				GCC_WARN_UNUSED_VARIABLE = YES;
				IPHONEOS_DEPLOYMENT_TARGET = 14.0;
				MTL_ENABLE_DEBUG_INFO = NO;
				MTL_FAST_MATH = YES;
				SDKROOT = iphoneos;
				SWIFT_COMPILATION_MODE = wholemodule;
				SWIFT_OPTIMIZATION_LEVEL = "-O";
				VALIDATE_PRODUCT = YES;
			};
			name = Release;
		};
		A53A1D8C282B4452004CDDEE /* Debug */ = {
			isa = XCBuildConfiguration;
			buildSettings = {
				ASSETCATALOG_COMPILER_APPICON_NAME = AppIcon;
				ASSETCATALOG_COMPILER_GLOBAL_ACCENT_COLOR_NAME = AccentColor;
				CODE_SIGN_STYLE = Automatic;
				CURRENT_PROJECT_VERSION = 1;
				DEVELOPMENT_ASSET_PATHS = "\"TabbarSwiftUI/Preview Content\"";
				ENABLE_PREVIEWS = YES;
				GENERATE_INFOPLIST_FILE = YES;
				INFOPLIST_KEY_UIApplicationSceneManifest_Generation = YES;
				INFOPLIST_KEY_UIApplicationSupportsIndirectInputEvents = YES;
				INFOPLIST_KEY_UILaunchScreen_Generation = YES;
				INFOPLIST_KEY_UISupportedInterfaceOrientations_iPad = "UIInterfaceOrientationPortrait UIInterfaceOrientationPortraitUpsideDown UIInterfaceOrientationLandscapeLeft UIInterfaceOrientationLandscapeRight";
				INFOPLIST_KEY_UISupportedInterfaceOrientations_iPhone = "UIInterfaceOrientationPortrait UIInterfaceOrientationLandscapeLeft UIInterfaceOrientationLandscapeRight";
				IPHONEOS_DEPLOYMENT_TARGET = 15.2;
				LD_RUNPATH_SEARCH_PATHS = (
					"$(inherited)",
					"@executable_path/Frameworks",
				);
				MARKETING_VERSION = 1.0;
				PRODUCT_BUNDLE_IDENTIFIER = com.test.TabbarSwiftUI;
				PRODUCT_NAME = "$(TARGET_NAME)";
				SWIFT_EMIT_LOC_STRINGS = YES;
				SWIFT_VERSION = 5.0;
				TARGETED_DEVICE_FAMILY = "1,2";
			};
			name = Debug;
		};
		A53A1D8D282B4452004CDDEE /* Release */ = {
			isa = XCBuildConfiguration;
			buildSettings = {
				ASSETCATALOG_COMPILER_APPICON_NAME = AppIcon;
				ASSETCATALOG_COMPILER_GLOBAL_ACCENT_COLOR_NAME = AccentColor;
				CODE_SIGN_STYLE = Automatic;
				CURRENT_PROJECT_VERSION = 1;
				DEVELOPMENT_ASSET_PATHS = "\"TabbarSwiftUI/Preview Content\"";
				ENABLE_PREVIEWS = YES;
				GENERATE_INFOPLIST_FILE = YES;
				INFOPLIST_KEY_UIApplicationSceneManifest_Generation = YES;
				INFOPLIST_KEY_UIApplicationSupportsIndirectInputEvents = YES;
				INFOPLIST_KEY_UILaunchScreen_Generation = YES;
				INFOPLIST_KEY_UISupportedInterfaceOrientations_iPad = "UIInterfaceOrientationPortrait UIInterfaceOrientationPortraitUpsideDown UIInterfaceOrientationLandscapeLeft UIInterfaceOrientationLandscapeRight";
				INFOPLIST_KEY_UISupportedInterfaceOrientations_iPhone = "UIInterfaceOrientationPortrait UIInterfaceOrientationLandscapeLeft UIInterfaceOrientationLandscapeRight";
				IPHONEOS_DEPLOYMENT_TARGET = 15.2;
				LD_RUNPATH_SEARCH_PATHS = (
					"$(inherited)",
					"@executable_path/Frameworks",
				);
				MARKETING_VERSION = 1.0;
				PRODUCT_BUNDLE_IDENTIFIER = com.test.TabbarSwiftUI;
				PRODUCT_NAME = "$(TARGET_NAME)";
				SWIFT_EMIT_LOC_STRINGS = YES;
				SWIFT_VERSION = 5.0;
				TARGETED_DEVICE_FAMILY = "1,2";
			};
			name = Release;
		};
/* End XCBuildConfiguration section */

/* Begin XCConfigurationList section */
		A53A1D78282B4450004CDDEE /* Build configuration list for PBXProject "TabbarSwiftUI" */ = {
			isa = XCConfigurationList;
			buildConfigurations = (
				A53A1D89282B4452004CDDEE /* Debug */,
				A53A1D8A282B4452004CDDEE /* Release */,
			);
			defaultConfigurationIsVisible = 0;
			defaultConfigurationName = Release;
		};
		A53A1D8B282B4452004CDDEE /* Build configuration list for PBXNativeTarget "TabbarSwiftUI" */ = {
			isa = XCConfigurationList;
			buildConfigurations = (
				A53A1D8C282B4452004CDDEE /* Debug */,
				A53A1D8D282B4452004CDDEE /* Release */,
			);
			defaultConfigurationIsVisible = 0;
			defaultConfigurationName = Release;
		};
/* End XCConfigurationList section */
	};
	rootObject = A53A1D75282B4450004CDDEE /* Project object */;
}
